// !$*UTF8*$!
{
	archiveVersion = 1;
	classes = {
	};
	objectVersion = 46;
	objects = {

/* Begin PBXBuildFile section */
		0F028F7B16418F4C00BCE4C1 /* SSQUFontChangeViewController.m in Sources */ = {isa = PBXBuildFile; fileRef = 0F028F7916418F4C00BCE4C1 /* SSQUFontChangeViewController.m */; };
		0F028F80164195DD00BCE4C1 /* SSQULocaleViewController.m in Sources */ = {isa = PBXBuildFile; fileRef = 0F028F7E164195DD00BCE4C1 /* SSQULocaleViewController.m */; };
		0F8ECFEC163C290200E757D9 /* SSQUWeatherViewController.m in Sources */ = {isa = PBXBuildFile; fileRef = 0F8ECFEB163C290200E757D9 /* SSQUWeatherViewController.m */; };
		0F8ECFF2163C296100E757D9 /* SSMenuItemView.m in Sources */ = {isa = PBXBuildFile; fileRef = 0F8ECFEE163C296100E757D9 /* SSMenuItemView.m */; };
		0F8ECFF3163C296100E757D9 /* SSMenuItemViewStyleImageAndText.xib in Resources */ = {isa = PBXBuildFile; fileRef = 0F8ECFEF163C296100E757D9 /* SSMenuItemViewStyleImageAndText.xib */; };
		0F8ECFF4163C296100E757D9 /* SSMenuView.m in Sources */ = {isa = PBXBuildFile; fileRef = 0F8ECFF1163C296100E757D9 /* SSMenuView.m */; };
		0F8ED012163D113F00E757D9 /* ProvincesAndCities.plist in Resources */ = {isa = PBXBuildFile; fileRef = 0F8ED010163D113E00E757D9 /* ProvincesAndCities.plist */; };
		0F8ED015163D131500E757D9 /* SSQULocation.m in Sources */ = {isa = PBXBuildFile; fileRef = 0F8ED014163D131400E757D9 /* SSQULocation.m */; };
		0F8ED017163D227B00E757D9 /* SSQUWeatherViewController.xib in Resources */ = {isa = PBXBuildFile; fileRef = 0F8ED016163D227B00E757D9 /* SSQUWeatherViewController.xib */; };
		0F98109616454439008A6C04 /* SSQUSegmentedViewController.m in Sources */ = {isa = PBXBuildFile; fileRef = 0F98109416454439008A6C04 /* SSQUSegmentedViewController.m */; };
		0F98109716454439008A6C04 /* SSQUSegmentedViewController.xib in Resources */ = {isa = PBXBuildFile; fileRef = 0F98109516454439008A6C04 /* SSQUSegmentedViewController.xib */; };
		0F99B3261639870F0062597B /* libRestKit.a in Frameworks */ = {isa = PBXBuildFile; fileRef = 0F99B31B163986330062597B /* libRestKit.a */; };
		0F9F2196163EB1F60051822D /* SSViewController.m in Sources */ = {isa = PBXBuildFile; fileRef = 0F9F2195163EB1F60051822D /* SSViewController.m */; };
		0F9F219A163EB52B0051822D /* SSQUTranslateViewController.m in Sources */ = {isa = PBXBuildFile; fileRef = 0F9F2199163EB52B0051822D /* SSQUTranslateViewController.m */; };
		0F9F21BD163EE1DA0051822D /* SSQUMoreViewController.m in Sources */ = {isa = PBXBuildFile; fileRef = 0F9F21BC163EE1DA0051822D /* SSQUMoreViewController.m */; };
		0F9F21BF163EE1FF0051822D /* SSQUMoreViewController.xib in Resources */ = {isa = PBXBuildFile; fileRef = 0F9F21BE163EE1FF0051822D /* SSQUMoreViewController.xib */; };
		0FA708EA16397B14009824D5 /* CFNetwork.framework in Frameworks */ = {isa = PBXBuildFile; fileRef = 0FA708E916397B14009824D5 /* CFNetwork.framework */; };
		0FA708EC16397B1D009824D5 /* CoreData.framework in Frameworks */ = {isa = PBXBuildFile; fileRef = 0FA708EB16397B1D009824D5 /* CoreData.framework */; };
		0FA708EE16397B6D009824D5 /* MobileCoreServices.framework in Frameworks */ = {isa = PBXBuildFile; fileRef = 0FA708ED16397B6D009824D5 /* MobileCoreServices.framework */; };
		0FA708F016397B76009824D5 /* Security.framework in Frameworks */ = {isa = PBXBuildFile; fileRef = 0FA708EF16397B76009824D5 /* Security.framework */; };
		0FA708F216397B7D009824D5 /* SystemConfiguration.framework in Frameworks */ = {isa = PBXBuildFile; fileRef = 0FA708F116397B7D009824D5 /* SystemConfiguration.framework */; };
		0FA708F416397B85009824D5 /* QuartzCore.framework in Frameworks */ = {isa = PBXBuildFile; fileRef = 0FA708F316397B85009824D5 /* QuartzCore.framework */; };
		0FA708F616397B91009824D5 /* libxml2.dylib in Frameworks */ = {isa = PBXBuildFile; fileRef = 0FA708F516397B91009824D5 /* libxml2.dylib */; };
		0FCD0BCA1640384F00847D3F /* MessageUI.framework in Frameworks */ = {isa = PBXBuildFile; fileRef = 0FCD0BC91640384F00847D3F /* MessageUI.framework */; };
		0FD541D3163D2CF90092B559 /* SSQUExchangeRateViewController.m in Sources */ = {isa = PBXBuildFile; fileRef = 0FD541D2163D2CF90092B559 /* SSQUExchangeRateViewController.m */; };
		0FD541D5163D2D2D0092B559 /* SSQUExchangeRateViewController.xib in Resources */ = {isa = PBXBuildFile; fileRef = 0FD541D4163D2D2D0092B559 /* SSQUExchangeRateViewController.xib */; };
		0FD541D9163D307C0092B559 /* SSLoadingView.m in Sources */ = {isa = PBXBuildFile; fileRef = 0FD541D8163D307C0092B559 /* SSLoadingView.m */; };
		0FD541DD163D30E00092B559 /* SSLoadingView.xib in Resources */ = {isa = PBXBuildFile; fileRef = 0FD541DC163D30E00092B559 /* SSLoadingView.xib */; };
		0FD541E0163D40B40092B559 /* MoneyUnit.plist in Resources */ = {isa = PBXBuildFile; fileRef = 0FD541DE163D40B40092B559 /* MoneyUnit.plist */; };
		9D8A02F6164394F1005BA9C5 /* SSQUViewController.m in Sources */ = {isa = PBXBuildFile; fileRef = 9D8A02F5164394F1005BA9C5 /* SSQUViewController.m */; };
		9D8A03171643A72B005BA9C5 /* en.png in Resources */ = {isa = PBXBuildFile; fileRef = 9D8A03011643A72B005BA9C5 /* en.png */; };
		9D8A03181643A72B005BA9C5 /* en@2x.png in Resources */ = {isa = PBXBuildFile; fileRef = 9D8A03021643A72B005BA9C5 /* en@2x.png */; };
		9D8A03191643A72B005BA9C5 /* fan.png in Resources */ = {isa = PBXBuildFile; fileRef = 9D8A03031643A72B005BA9C5 /* fan.png */; };
		9D8A031A1643A72B005BA9C5 /* fan@2x.png in Resources */ = {isa = PBXBuildFile; fileRef = 9D8A03041643A72B005BA9C5 /* fan@2x.png */; };
		9D8A031B1643A72B005BA9C5 /* han.png in Resources */ = {isa = PBXBuildFile; fileRef = 9D8A03051643A72B005BA9C5 /* han.png */; };
		9D8A031C1643A72B005BA9C5 /* han@2x.png in Resources */ = {isa = PBXBuildFile; fileRef = 9D8A03061643A72B005BA9C5 /* han@2x.png */; };
		9D8A031D1643A72B005BA9C5 /* huilv.png in Resources */ = {isa = PBXBuildFile; fileRef = 9D8A03071643A72B005BA9C5 /* huilv.png */; };
		9D8A031E1643A72B005BA9C5 /* huilv@2x.png in Resources */ = {isa = PBXBuildFile; fileRef = 9D8A03081643A72B005BA9C5 /* huilv@2x.png */; };
		9D8A031F1643A72B005BA9C5 /* id.png in Resources */ = {isa = PBXBuildFile; fileRef = 9D8A03091643A72B005BA9C5 /* id.png */; };
		9D8A03201643A72B005BA9C5 /* id@2x.png in Resources */ = {isa = PBXBuildFile; fileRef = 9D8A030A1643A72B005BA9C5 /* id@2x.png */; };
		9D8A03211643A72B005BA9C5 /* ip.png in Resources */ = {isa = PBXBuildFile; fileRef = 9D8A030B1643A72B005BA9C5 /* ip.png */; };
		9D8A03221643A72B005BA9C5 /* ip@2x.png in Resources */ = {isa = PBXBuildFile; fileRef = 9D8A030C1643A72B005BA9C5 /* ip@2x.png */; };
		9D8A03231643A72B005BA9C5 /* jian.png in Resources */ = {isa = PBXBuildFile; fileRef = 9D8A030D1643A72B005BA9C5 /* jian.png */; };
		9D8A03241643A72B005BA9C5 /* jian@2x.png in Resources */ = {isa = PBXBuildFile; fileRef = 9D8A030E1643A72B005BA9C5 /* jian@2x.png */; };
		9D8A03251643A72B005BA9C5 /* more.png in Resources */ = {isa = PBXBuildFile; fileRef = 9D8A030F1643A72B005BA9C5 /* more.png */; };
		9D8A03261643A72B005BA9C5 /* more@2x.png in Resources */ = {isa = PBXBuildFile; fileRef = 9D8A03101643A72B005BA9C5 /* more@2x.png */; };
		9D8A03271643A72B005BA9C5 /* phone.png in Resources */ = {isa = PBXBuildFile; fileRef = 9D8A03111643A72B005BA9C5 /* phone.png */; };
		9D8A03281643A72B005BA9C5 /* phone@2x.png in Resources */ = {isa = PBXBuildFile; fileRef = 9D8A03121643A72B005BA9C5 /* phone@2x.png */; };
		9D8A03291643A72B005BA9C5 /* tianqi.png in Resources */ = {isa = PBXBuildFile; fileRef = 9D8A03131643A72B005BA9C5 /* tianqi.png */; };
		9D8A032A1643A72B005BA9C5 /* tianqi@2x.png in Resources */ = {isa = PBXBuildFile; fileRef = 9D8A03141643A72B005BA9C5 /* tianqi@2x.png */; };
		9D8A032B1643A72B005BA9C5 /* you.png in Resources */ = {isa = PBXBuildFile; fileRef = 9D8A03151643A72B005BA9C5 /* you.png */; };
		9D8A032C1643A72B005BA9C5 /* you@2x.png in Resources */ = {isa = PBXBuildFile; fileRef = 9D8A03161643A72B005BA9C5 /* you@2x.png */; };
		9D8A032E1643A7C0005BA9C5 /* default_bg.png in Resources */ = {isa = PBXBuildFile; fileRef = 9D8A032D1643A7C0005BA9C5 /* default_bg.png */; };
		9D8A03301643B38F005BA9C5 /* upwards.png in Resources */ = {isa = PBXBuildFile; fileRef = 9D8A032F1643B38F005BA9C5 /* upwards.png */; };
		9D8A03431643E4FC005BA9C5 /* c_first_bg.png in Resources */ = {isa = PBXBuildFile; fileRef = 9D8A03421643E4FC005BA9C5 /* c_first_bg.png */; };
		9D8A03471643F226005BA9C5 /* gray_btn.png in Resources */ = {isa = PBXBuildFile; fileRef = 9D8A03451643F226005BA9C5 /* gray_btn.png */; };
		9D8A03481643F226005BA9C5 /* gray_btn_p.png in Resources */ = {isa = PBXBuildFile; fileRef = 9D8A03461643F226005BA9C5 /* gray_btn_p.png */; };
		9D8A034B164407A4005BA9C5 /* gray_mengban.png in Resources */ = {isa = PBXBuildFile; fileRef = 9D8A0349164407A4005BA9C5 /* gray_mengban.png */; };
		9D8A034C164407A4005BA9C5 /* gray_mengban@2x.png in Resources */ = {isa = PBXBuildFile; fileRef = 9D8A034A164407A4005BA9C5 /* gray_mengban@2x.png */; };
		9D8A034E16453E7B005BA9C5 /* c_first_bg@2x.png in Resources */ = {isa = PBXBuildFile; fileRef = 9D8A034D16453E7B005BA9C5 /* c_first_bg@2x.png */; };
		9DB9860916390E2600B46470 /* UIKit.framework in Frameworks */ = {isa = PBXBuildFile; fileRef = 9DB9860816390E2600B46470 /* UIKit.framework */; };
		9DB9860B16390E2600B46470 /* Foundation.framework in Frameworks */ = {isa = PBXBuildFile; fileRef = 9DB9860A16390E2600B46470 /* Foundation.framework */; };
		9DB9860D16390E2600B46470 /* CoreGraphics.framework in Frameworks */ = {isa = PBXBuildFile; fileRef = 9DB9860C16390E2600B46470 /* CoreGraphics.framework */; };
		9DB9861316390E2600B46470 /* InfoPlist.strings in Resources */ = {isa = PBXBuildFile; fileRef = 9DB9861116390E2600B46470 /* InfoPlist.strings */; };
		9DB9861516390E2600B46470 /* main.m in Sources */ = {isa = PBXBuildFile; fileRef = 9DB9861416390E2600B46470 /* main.m */; };
		9DB9861916390E2600B46470 /* SSQUAppDelegate.m in Sources */ = {isa = PBXBuildFile; fileRef = 9DB9861816390E2600B46470 /* SSQUAppDelegate.m */; };
		9DB9861F16390E2600B46470 /* SSQUViewController.xib in Resources */ = {isa = PBXBuildFile; fileRef = 9DB9861D16390E2600B46470 /* SSQUViewController.xib */; };
		9DF2530616435D6E00869CFE /* icon.png in Resources */ = {isa = PBXBuildFile; fileRef = 9DF2530416435D6E00869CFE /* icon.png */; };
		9DF2530716435D6E00869CFE /* Icon@2x.png in Resources */ = {isa = PBXBuildFile; fileRef = 9DF2530516435D6E00869CFE /* Icon@2x.png */; };
		9DF2530B16435D9A00869CFE /* Default-568h@2x.png in Resources */ = {isa = PBXBuildFile; fileRef = 9DF2530816435D9A00869CFE /* Default-568h@2x.png */; };
		9DF2530C16435D9A00869CFE /* Default.png in Resources */ = {isa = PBXBuildFile; fileRef = 9DF2530916435D9A00869CFE /* Default.png */; };
		9DF2530D16435D9A00869CFE /* Default@2x.png in Resources */ = {isa = PBXBuildFile; fileRef = 9DF2530A16435D9A00869CFE /* Default@2x.png */; };
		9DF253271643748B00869CFE /* gray_bg.png in Resources */ = {isa = PBXBuildFile; fileRef = 9DF253261643748B00869CFE /* gray_bg.png */; };
/* End PBXBuildFile section */

/* Begin PBXContainerItemProxy section */
		0F99B31A163986330062597B /* PBXContainerItemProxy */ = {
			isa = PBXContainerItemProxy;
			containerPortal = 0F99B30F163986330062597B /* RestKit.xcodeproj */;
			proxyType = 2;
			remoteGlobalIDString = 25160D1614564E810060A5C5;
			remoteInfo = RestKit;
		};
		0F99B31C163986330062597B /* PBXContainerItemProxy */ = {
			isa = PBXContainerItemProxy;
			containerPortal = 0F99B30F163986330062597B /* RestKit.xcodeproj */;
			proxyType = 2;
			remoteGlobalIDString = 25160D2614564E820060A5C5;
			remoteInfo = RestKitTests;
		};
		0F99B31E163986330062597B /* PBXContainerItemProxy */ = {
			isa = PBXContainerItemProxy;
			containerPortal = 0F99B30F163986330062597B /* RestKit.xcodeproj */;
			proxyType = 2;
			remoteGlobalIDString = 25160E62145651060060A5C5;
			remoteInfo = RestKitFramework;
		};
		0F99B320163986330062597B /* PBXContainerItemProxy */ = {
			isa = PBXContainerItemProxy;
			containerPortal = 0F99B30F163986330062597B /* RestKit.xcodeproj */;
			proxyType = 2;
			remoteGlobalIDString = 25160E78145651060060A5C5;
			remoteInfo = RestKitFrameworkTests;
		};
		0F99B322163986330062597B /* PBXContainerItemProxy */ = {
			isa = PBXContainerItemProxy;
			containerPortal = 0F99B30F163986330062597B /* RestKit.xcodeproj */;
			proxyType = 2;
			remoteGlobalIDString = 259C301615128079003066A2;
			remoteInfo = RestKitResources;
		};
		0F99B324163986480062597B /* PBXContainerItemProxy */ = {
			isa = PBXContainerItemProxy;
			containerPortal = 0F99B30F163986330062597B /* RestKit.xcodeproj */;
			proxyType = 1;
			remoteGlobalIDString = 25160D1514564E810060A5C5;
			remoteInfo = RestKit;
		};
/* End PBXContainerItemProxy section */

/* Begin PBXFileReference section */
		0F028F7816418F4C00BCE4C1 /* SSQUFontChangeViewController.h */ = {isa = PBXFileReference; fileEncoding = 4; lastKnownFileType = sourcecode.c.h; name = SSQUFontChangeViewController.h; path = SSQUFontChange/SSQUFontChangeViewController.h; sourceTree = "<group>"; };
		0F028F7916418F4C00BCE4C1 /* SSQUFontChangeViewController.m */ = {isa = PBXFileReference; fileEncoding = 4; lastKnownFileType = sourcecode.c.objc; name = SSQUFontChangeViewController.m; path = SSQUFontChange/SSQUFontChangeViewController.m; sourceTree = "<group>"; };
		0F028F7D164195DD00BCE4C1 /* SSQULocaleViewController.h */ = {isa = PBXFileReference; fileEncoding = 4; lastKnownFileType = sourcecode.c.h; name = SSQULocaleViewController.h; path = SSQULocale/SSQULocaleViewController.h; sourceTree = "<group>"; };
		0F028F7E164195DD00BCE4C1 /* SSQULocaleViewController.m */ = {isa = PBXFileReference; fileEncoding = 4; lastKnownFileType = sourcecode.c.objc; name = SSQULocaleViewController.m; path = SSQULocale/SSQULocaleViewController.m; sourceTree = "<group>"; };
		0F8ECFEA163C290200E757D9 /* SSQUWeatherViewController.h */ = {isa = PBXFileReference; fileEncoding = 4; lastKnownFileType = sourcecode.c.h; name = SSQUWeatherViewController.h; path = SSQUWeather/SSQUWeatherViewController.h; sourceTree = "<group>"; };
		0F8ECFEB163C290200E757D9 /* SSQUWeatherViewController.m */ = {isa = PBXFileReference; fileEncoding = 4; lastKnownFileType = sourcecode.c.objc; name = SSQUWeatherViewController.m; path = SSQUWeather/SSQUWeatherViewController.m; sourceTree = "<group>"; };
		0F8ECFED163C296100E757D9 /* SSMenuItemView.h */ = {isa = PBXFileReference; fileEncoding = 4; lastKnownFileType = sourcecode.c.h; name = SSMenuItemView.h; path = SSUI/Views/SSMenuView/SSMenuItemView.h; sourceTree = "<group>"; };
		0F8ECFEE163C296100E757D9 /* SSMenuItemView.m */ = {isa = PBXFileReference; fileEncoding = 4; lastKnownFileType = sourcecode.c.objc; name = SSMenuItemView.m; path = SSUI/Views/SSMenuView/SSMenuItemView.m; sourceTree = "<group>"; };
		0F8ECFEF163C296100E757D9 /* SSMenuItemViewStyleImageAndText.xib */ = {isa = PBXFileReference; fileEncoding = 4; lastKnownFileType = file.xib; name = SSMenuItemViewStyleImageAndText.xib; path = SSUI/Views/SSMenuView/SSMenuItemViewStyleImageAndText.xib; sourceTree = "<group>"; };
		0F8ECFF0163C296100E757D9 /* SSMenuView.h */ = {isa = PBXFileReference; fileEncoding = 4; lastKnownFileType = sourcecode.c.h; name = SSMenuView.h; path = SSUI/Views/SSMenuView/SSMenuView.h; sourceTree = "<group>"; };
		0F8ECFF1163C296100E757D9 /* SSMenuView.m */ = {isa = PBXFileReference; fileEncoding = 4; lastKnownFileType = sourcecode.c.objc; name = SSMenuView.m; path = SSUI/Views/SSMenuView/SSMenuView.m; sourceTree = "<group>"; };
		0F8ED011163D113F00E757D9 /* en */ = {isa = PBXFileReference; lastKnownFileType = text.plist.xml; name = en; path = en.lproj/ProvincesAndCities.plist; sourceTree = "<group>"; };
		0F8ED013163D131400E757D9 /* SSQULocation.h */ = {isa = PBXFileReference; fileEncoding = 4; lastKnownFileType = sourcecode.c.h; name = SSQULocation.h; path = SSQUWeather/SSQULocation.h; sourceTree = "<group>"; };
		0F8ED014163D131400E757D9 /* SSQULocation.m */ = {isa = PBXFileReference; fileEncoding = 4; lastKnownFileType = sourcecode.c.objc; name = SSQULocation.m; path = SSQUWeather/SSQULocation.m; sourceTree = "<group>"; };
		0F8ED016163D227B00E757D9 /* SSQUWeatherViewController.xib */ = {isa = PBXFileReference; fileEncoding = 4; lastKnownFileType = file.xib; name = SSQUWeatherViewController.xib; path = SSQUWeather/SSQUWeatherViewController.xib; sourceTree = "<group>"; };
		0F98109316454439008A6C04 /* SSQUSegmentedViewController.h */ = {isa = PBXFileReference; fileEncoding = 4; lastKnownFileType = sourcecode.c.h; name = SSQUSegmentedViewController.h; path = SSQUSegmentedViewController/SSQUSegmentedViewController.h; sourceTree = "<group>"; };
		0F98109416454439008A6C04 /* SSQUSegmentedViewController.m */ = {isa = PBXFileReference; fileEncoding = 4; lastKnownFileType = sourcecode.c.objc; name = SSQUSegmentedViewController.m; path = SSQUSegmentedViewController/SSQUSegmentedViewController.m; sourceTree = "<group>"; };
		0F98109516454439008A6C04 /* SSQUSegmentedViewController.xib */ = {isa = PBXFileReference; fileEncoding = 4; lastKnownFileType = file.xib; name = SSQUSegmentedViewController.xib; path = SSQUSegmentedViewController/SSQUSegmentedViewController.xib; sourceTree = "<group>"; };
		0F99B30F163986330062597B /* RestKit.xcodeproj */ = {isa = PBXFileReference; lastKnownFileType = "wrapper.pb-project"; name = RestKit.xcodeproj; path = RestKit/RestKit.xcodeproj; sourceTree = "<group>"; };
		0F9F2194163EB1F60051822D /* SSViewController.h */ = {isa = PBXFileReference; fileEncoding = 4; lastKnownFileType = sourcecode.c.h; name = SSViewController.h; path = SSUI/ViewControllers/SSViewController.h; sourceTree = "<group>"; };
		0F9F2195163EB1F60051822D /* SSViewController.m */ = {isa = PBXFileReference; fileEncoding = 4; lastKnownFileType = sourcecode.c.objc; name = SSViewController.m; path = SSUI/ViewControllers/SSViewController.m; sourceTree = "<group>"; };
		0F9F2198163EB52B0051822D /* SSQUTranslateViewController.h */ = {isa = PBXFileReference; fileEncoding = 4; lastKnownFileType = sourcecode.c.h; name = SSQUTranslateViewController.h; path = SSQUTranslate/SSQUTranslateViewController.h; sourceTree = "<group>"; };
		0F9F2199163EB52B0051822D /* SSQUTranslateViewController.m */ = {isa = PBXFileReference; fileEncoding = 4; lastKnownFileType = sourcecode.c.objc; name = SSQUTranslateViewController.m; path = SSQUTranslate/SSQUTranslateViewController.m; sourceTree = "<group>"; };
		0F9F21BB163EE1DA0051822D /* SSQUMoreViewController.h */ = {isa = PBXFileReference; fileEncoding = 4; lastKnownFileType = sourcecode.c.h; name = SSQUMoreViewController.h; path = SSQUMore/SSQUMoreViewController.h; sourceTree = "<group>"; };
		0F9F21BC163EE1DA0051822D /* SSQUMoreViewController.m */ = {isa = PBXFileReference; fileEncoding = 4; lastKnownFileType = sourcecode.c.objc; name = SSQUMoreViewController.m; path = SSQUMore/SSQUMoreViewController.m; sourceTree = "<group>"; };
		0F9F21BE163EE1FF0051822D /* SSQUMoreViewController.xib */ = {isa = PBXFileReference; fileEncoding = 4; lastKnownFileType = file.xib; name = SSQUMoreViewController.xib; path = SSQUMore/SSQUMoreViewController.xib; sourceTree = "<group>"; };
		0FA708E916397B14009824D5 /* CFNetwork.framework */ = {isa = PBXFileReference; lastKnownFileType = wrapper.framework; name = CFNetwork.framework; path = System/Library/Frameworks/CFNetwork.framework; sourceTree = SDKROOT; };
		0FA708EB16397B1D009824D5 /* CoreData.framework */ = {isa = PBXFileReference; lastKnownFileType = wrapper.framework; name = CoreData.framework; path = System/Library/Frameworks/CoreData.framework; sourceTree = SDKROOT; };
		0FA708ED16397B6D009824D5 /* MobileCoreServices.framework */ = {isa = PBXFileReference; lastKnownFileType = wrapper.framework; name = MobileCoreServices.framework; path = System/Library/Frameworks/MobileCoreServices.framework; sourceTree = SDKROOT; };
		0FA708EF16397B76009824D5 /* Security.framework */ = {isa = PBXFileReference; lastKnownFileType = wrapper.framework; name = Security.framework; path = System/Library/Frameworks/Security.framework; sourceTree = SDKROOT; };
		0FA708F116397B7D009824D5 /* SystemConfiguration.framework */ = {isa = PBXFileReference; lastKnownFileType = wrapper.framework; name = SystemConfiguration.framework; path = System/Library/Frameworks/SystemConfiguration.framework; sourceTree = SDKROOT; };
		0FA708F316397B85009824D5 /* QuartzCore.framework */ = {isa = PBXFileReference; lastKnownFileType = wrapper.framework; name = QuartzCore.framework; path = System/Library/Frameworks/QuartzCore.framework; sourceTree = SDKROOT; };
		0FA708F516397B91009824D5 /* libxml2.dylib */ = {isa = PBXFileReference; lastKnownFileType = "compiled.mach-o.dylib"; name = libxml2.dylib; path = usr/lib/libxml2.dylib; sourceTree = SDKROOT; };
		0FCD0BC91640384F00847D3F /* MessageUI.framework */ = {isa = PBXFileReference; lastKnownFileType = wrapper.framework; name = MessageUI.framework; path = System/Library/Frameworks/MessageUI.framework; sourceTree = SDKROOT; };
		0FD541D1163D2CF90092B559 /* SSQUExchangeRateViewController.h */ = {isa = PBXFileReference; fileEncoding = 4; lastKnownFileType = sourcecode.c.h; name = SSQUExchangeRateViewController.h; path = SSQUExchangeRate/SSQUExchangeRateViewController.h; sourceTree = "<group>"; };
		0FD541D2163D2CF90092B559 /* SSQUExchangeRateViewController.m */ = {isa = PBXFileReference; fileEncoding = 4; lastKnownFileType = sourcecode.c.objc; name = SSQUExchangeRateViewController.m; path = SSQUExchangeRate/SSQUExchangeRateViewController.m; sourceTree = "<group>"; };
		0FD541D4163D2D2D0092B559 /* SSQUExchangeRateViewController.xib */ = {isa = PBXFileReference; fileEncoding = 4; lastKnownFileType = file.xib; name = SSQUExchangeRateViewController.xib; path = SSQUExchangeRate/SSQUExchangeRateViewController.xib; sourceTree = "<group>"; };
		0FD541D7163D307C0092B559 /* SSLoadingView.h */ = {isa = PBXFileReference; fileEncoding = 4; lastKnownFileType = sourcecode.c.h; name = SSLoadingView.h; path = SSUI/Views/SSLoadingView/SSLoadingView.h; sourceTree = "<group>"; };
		0FD541D8163D307C0092B559 /* SSLoadingView.m */ = {isa = PBXFileReference; fileEncoding = 4; lastKnownFileType = sourcecode.c.objc; name = SSLoadingView.m; path = SSUI/Views/SSLoadingView/SSLoadingView.m; sourceTree = "<group>"; };
		0FD541DC163D30E00092B559 /* SSLoadingView.xib */ = {isa = PBXFileReference; fileEncoding = 4; lastKnownFileType = file.xib; name = SSLoadingView.xib; path = SSUI/Views/SSLoadingView/SSLoadingView.xib; sourceTree = "<group>"; };
		0FD541DF163D40B40092B559 /* en */ = {isa = PBXFileReference; lastKnownFileType = text.plist.xml; name = en; path = en.lproj/MoneyUnit.plist; sourceTree = "<group>"; };
		9D8A02F5164394F1005BA9C5 /* SSQUViewController.m */ = {isa = PBXFileReference; fileEncoding = 4; lastKnownFileType = sourcecode.c.objc; path = SSQUViewController.m; sourceTree = "<group>"; };
		9D8A03011643A72B005BA9C5 /* en.png */ = {isa = PBXFileReference; lastKnownFileType = image.png; path = en.png; sourceTree = "<group>"; };
		9D8A03021643A72B005BA9C5 /* en@2x.png */ = {isa = PBXFileReference; lastKnownFileType = image.png; path = "en@2x.png"; sourceTree = "<group>"; };
		9D8A03031643A72B005BA9C5 /* fan.png */ = {isa = PBXFileReference; lastKnownFileType = image.png; path = fan.png; sourceTree = "<group>"; };
		9D8A03041643A72B005BA9C5 /* fan@2x.png */ = {isa = PBXFileReference; lastKnownFileType = image.png; path = "fan@2x.png"; sourceTree = "<group>"; };
		9D8A03051643A72B005BA9C5 /* han.png */ = {isa = PBXFileReference; lastKnownFileType = image.png; path = han.png; sourceTree = "<group>"; };
		9D8A03061643A72B005BA9C5 /* han@2x.png */ = {isa = PBXFileReference; lastKnownFileType = image.png; path = "han@2x.png"; sourceTree = "<group>"; };
		9D8A03071643A72B005BA9C5 /* huilv.png */ = {isa = PBXFileReference; lastKnownFileType = image.png; path = huilv.png; sourceTree = "<group>"; };
		9D8A03081643A72B005BA9C5 /* huilv@2x.png */ = {isa = PBXFileReference; lastKnownFileType = image.png; path = "huilv@2x.png"; sourceTree = "<group>"; };
		9D8A03091643A72B005BA9C5 /* id.png */ = {isa = PBXFileReference; lastKnownFileType = image.png; path = id.png; sourceTree = "<group>"; };
		9D8A030A1643A72B005BA9C5 /* id@2x.png */ = {isa = PBXFileReference; lastKnownFileType = image.png; path = "id@2x.png"; sourceTree = "<group>"; };
		9D8A030B1643A72B005BA9C5 /* ip.png */ = {isa = PBXFileReference; lastKnownFileType = image.png; path = ip.png; sourceTree = "<group>"; };
		9D8A030C1643A72B005BA9C5 /* ip@2x.png */ = {isa = PBXFileReference; lastKnownFileType = image.png; path = "ip@2x.png"; sourceTree = "<group>"; };
		9D8A030D1643A72B005BA9C5 /* jian.png */ = {isa = PBXFileReference; lastKnownFileType = image.png; path = jian.png; sourceTree = "<group>"; };
		9D8A030E1643A72B005BA9C5 /* jian@2x.png */ = {isa = PBXFileReference; lastKnownFileType = image.png; path = "jian@2x.png"; sourceTree = "<group>"; };
		9D8A030F1643A72B005BA9C5 /* more.png */ = {isa = PBXFileReference; lastKnownFileType = image.png; path = more.png; sourceTree = "<group>"; };
		9D8A03101643A72B005BA9C5 /* more@2x.png */ = {isa = PBXFileReference; lastKnownFileType = image.png; path = "more@2x.png"; sourceTree = "<group>"; };
		9D8A03111643A72B005BA9C5 /* phone.png */ = {isa = PBXFileReference; lastKnownFileType = image.png; path = phone.png; sourceTree = "<group>"; };
		9D8A03121643A72B005BA9C5 /* phone@2x.png */ = {isa = PBXFileReference; lastKnownFileType = image.png; path = "phone@2x.png"; sourceTree = "<group>"; };
		9D8A03131643A72B005BA9C5 /* tianqi.png */ = {isa = PBXFileReference; lastKnownFileType = image.png; path = tianqi.png; sourceTree = "<group>"; };
		9D8A03141643A72B005BA9C5 /* tianqi@2x.png */ = {isa = PBXFileReference; lastKnownFileType = image.png; path = "tianqi@2x.png"; sourceTree = "<group>"; };
		9D8A03151643A72B005BA9C5 /* you.png */ = {isa = PBXFileReference; lastKnownFileType = image.png; path = you.png; sourceTree = "<group>"; };
		9D8A03161643A72B005BA9C5 /* you@2x.png */ = {isa = PBXFileReference; lastKnownFileType = image.png; path = "you@2x.png"; sourceTree = "<group>"; };
		9D8A032D1643A7C0005BA9C5 /* default_bg.png */ = {isa = PBXFileReference; lastKnownFileType = image.png; path = default_bg.png; sourceTree = "<group>"; };
		9D8A032F1643B38F005BA9C5 /* upwards.png */ = {isa = PBXFileReference; lastKnownFileType = image.png; path = upwards.png; sourceTree = "<group>"; };
		9D8A03421643E4FC005BA9C5 /* c_first_bg.png */ = {isa = PBXFileReference; lastKnownFileType = image.png; path = c_first_bg.png; sourceTree = "<group>"; };
		9D8A03451643F226005BA9C5 /* gray_btn.png */ = {isa = PBXFileReference; lastKnownFileType = image.png; path = gray_btn.png; sourceTree = "<group>"; };
		9D8A03461643F226005BA9C5 /* gray_btn_p.png */ = {isa = PBXFileReference; lastKnownFileType = image.png; path = gray_btn_p.png; sourceTree = "<group>"; };
		9D8A0349164407A4005BA9C5 /* gray_mengban.png */ = {isa = PBXFileReference; lastKnownFileType = image.png; path = gray_mengban.png; sourceTree = "<group>"; };
		9D8A034A164407A4005BA9C5 /* gray_mengban@2x.png */ = {isa = PBXFileReference; lastKnownFileType = image.png; path = "gray_mengban@2x.png"; sourceTree = "<group>"; };
		9D8A034D16453E7B005BA9C5 /* c_first_bg@2x.png */ = {isa = PBXFileReference; lastKnownFileType = image.png; path = "c_first_bg@2x.png"; sourceTree = "<group>"; };
		9DB9860416390E2600B46470 /* QueryUtilities.app */ = {isa = PBXFileReference; explicitFileType = wrapper.application; includeInIndex = 0; path = QueryUtilities.app; sourceTree = BUILT_PRODUCTS_DIR; };
		9DB9860816390E2600B46470 /* UIKit.framework */ = {isa = PBXFileReference; lastKnownFileType = wrapper.framework; name = UIKit.framework; path = System/Library/Frameworks/UIKit.framework; sourceTree = SDKROOT; };
		9DB9860A16390E2600B46470 /* Foundation.framework */ = {isa = PBXFileReference; lastKnownFileType = wrapper.framework; name = Foundation.framework; path = System/Library/Frameworks/Foundation.framework; sourceTree = SDKROOT; };
		9DB9860C16390E2600B46470 /* CoreGraphics.framework */ = {isa = PBXFileReference; lastKnownFileType = wrapper.framework; name = CoreGraphics.framework; path = System/Library/Frameworks/CoreGraphics.framework; sourceTree = SDKROOT; };
		9DB9861016390E2600B46470 /* QueryUtilities-Info.plist */ = {isa = PBXFileReference; lastKnownFileType = text.plist.xml; path = "QueryUtilities-Info.plist"; sourceTree = "<group>"; };
		9DB9861216390E2600B46470 /* en */ = {isa = PBXFileReference; lastKnownFileType = text.plist.strings; name = en; path = en.lproj/InfoPlist.strings; sourceTree = "<group>"; };
		9DB9861416390E2600B46470 /* main.m */ = {isa = PBXFileReference; lastKnownFileType = sourcecode.c.objc; path = main.m; sourceTree = "<group>"; };
		9DB9861616390E2600B46470 /* QueryUtilities-Prefix.pch */ = {isa = PBXFileReference; lastKnownFileType = sourcecode.c.h; path = "QueryUtilities-Prefix.pch"; sourceTree = "<group>"; };
		9DB9861716390E2600B46470 /* SSQUAppDelegate.h */ = {isa = PBXFileReference; lastKnownFileType = sourcecode.c.h; path = SSQUAppDelegate.h; sourceTree = "<group>"; };
		9DB9861816390E2600B46470 /* SSQUAppDelegate.m */ = {isa = PBXFileReference; lastKnownFileType = sourcecode.c.objc; path = SSQUAppDelegate.m; sourceTree = "<group>"; };
		9DB9861A16390E2600B46470 /* SSQUViewController.h */ = {isa = PBXFileReference; lastKnownFileType = sourcecode.c.h; path = SSQUViewController.h; sourceTree = "<group>"; };
		9DB9861E16390E2600B46470 /* en */ = {isa = PBXFileReference; lastKnownFileType = file.xib; name = en; path = en.lproj/SSQUViewController.xib; sourceTree = "<group>"; };
		9DF2530416435D6E00869CFE /* icon.png */ = {isa = PBXFileReference; lastKnownFileType = image.png; path = icon.png; sourceTree = "<group>"; };
		9DF2530516435D6E00869CFE /* Icon@2x.png */ = {isa = PBXFileReference; lastKnownFileType = image.png; path = "Icon@2x.png"; sourceTree = "<group>"; };
		9DF2530816435D9A00869CFE /* Default-568h@2x.png */ = {isa = PBXFileReference; lastKnownFileType = image.png; path = "Default-568h@2x.png"; sourceTree = "<group>"; };
		9DF2530916435D9A00869CFE /* Default.png */ = {isa = PBXFileReference; lastKnownFileType = image.png; path = Default.png; sourceTree = "<group>"; };
		9DF2530A16435D9A00869CFE /* Default@2x.png */ = {isa = PBXFileReference; lastKnownFileType = image.png; path = "Default@2x.png"; sourceTree = "<group>"; };
		9DF253261643748B00869CFE /* gray_bg.png */ = {isa = PBXFileReference; lastKnownFileType = image.png; path = gray_bg.png; sourceTree = "<group>"; };
/* End PBXFileReference section */

/* Begin PBXFrameworksBuildPhase section */
		9DB9860116390E2600B46470 /* Frameworks */ = {
			isa = PBXFrameworksBuildPhase;
			buildActionMask = 2147483647;
			files = (
				0FCD0BCA1640384F00847D3F /* MessageUI.framework in Frameworks */,
				0F99B3261639870F0062597B /* libRestKit.a in Frameworks */,
				0FA708F616397B91009824D5 /* libxml2.dylib in Frameworks */,
				0FA708F416397B85009824D5 /* QuartzCore.framework in Frameworks */,
				0FA708F216397B7D009824D5 /* SystemConfiguration.framework in Frameworks */,
				0FA708F016397B76009824D5 /* Security.framework in Frameworks */,
				0FA708EE16397B6D009824D5 /* MobileCoreServices.framework in Frameworks */,
				0FA708EC16397B1D009824D5 /* CoreData.framework in Frameworks */,
				0FA708EA16397B14009824D5 /* CFNetwork.framework in Frameworks */,
				9DB9860916390E2600B46470 /* UIKit.framework in Frameworks */,
				9DB9860B16390E2600B46470 /* Foundation.framework in Frameworks */,
				9DB9860D16390E2600B46470 /* CoreGraphics.framework in Frameworks */,
			);
			runOnlyForDeploymentPostprocessing = 0;
		};
/* End PBXFrameworksBuildPhase section */

/* Begin PBXGroup section */
		0F028F771641820100BCE4C1 /* SSQUFontChange */ = {
			isa = PBXGroup;
			children = (
				0F028F7816418F4C00BCE4C1 /* SSQUFontChangeViewController.h */,
				0F028F7916418F4C00BCE4C1 /* SSQUFontChangeViewController.m */,
			);
			name = SSQUFontChange;
			sourceTree = "<group>";
		};
		0F8ECFE4163C265A00E757D9 /* ViewControllers */ = {
			isa = PBXGroup;
			children = (
				0F8ECFE5163C266C00E757D9 /* SSViewController */,
			);
			name = ViewControllers;
			sourceTree = "<group>";
		};
		0F8ECFE5163C266C00E757D9 /* SSViewController */ = {
			isa = PBXGroup;
			children = (
				0F9F2194163EB1F60051822D /* SSViewController.h */,
				0F9F2195163EB1F60051822D /* SSViewController.m */,
			);
			name = SSViewController;
			sourceTree = "<group>";
		};
		0F8ECFE6163C272900E757D9 /* SSQUWeather */ = {
			isa = PBXGroup;
			children = (
				0F8ECFEA163C290200E757D9 /* SSQUWeatherViewController.h */,
				0F8ECFEB163C290200E757D9 /* SSQUWeatherViewController.m */,
				0F8ED016163D227B00E757D9 /* SSQUWeatherViewController.xib */,
				0F8ED013163D131400E757D9 /* SSQULocation.h */,
				0F8ED014163D131400E757D9 /* SSQULocation.m */,
			);
			name = SSQUWeather;
			sourceTree = "<group>";
		};
		0F8ECFE7163C276800E757D9 /* SSQUExchangeRate */ = {
			isa = PBXGroup;
			children = (
				0FD541D1163D2CF90092B559 /* SSQUExchangeRateViewController.h */,
				0FD541D2163D2CF90092B559 /* SSQUExchangeRateViewController.m */,
				0FD541D4163D2D2D0092B559 /* SSQUExchangeRateViewController.xib */,
			);
			name = SSQUExchangeRate;
			sourceTree = "<group>";
		};
		0F8ECFE8163C286E00E757D9 /* SSQULocale */ = {
			isa = PBXGroup;
			children = (
				0F028F7D164195DD00BCE4C1 /* SSQULocaleViewController.h */,
				0F028F7E164195DD00BCE4C1 /* SSQULocaleViewController.m */,
			);
			name = SSQULocale;
			sourceTree = "<group>";
		};
		0F981092164543BF008A6C04 /* SSQUSegmentedViewController */ = {
			isa = PBXGroup;
			children = (
				0F98109316454439008A6C04 /* SSQUSegmentedViewController.h */,
				0F98109416454439008A6C04 /* SSQUSegmentedViewController.m */,
				0F98109516454439008A6C04 /* SSQUSegmentedViewController.xib */,
			);
			name = SSQUSegmentedViewController;
			sourceTree = "<group>";
		};
		0F99B310163986330062597B /* Products */ = {
			isa = PBXGroup;
			children = (
				0F99B31B163986330062597B /* libRestKit.a */,
				0F99B31D163986330062597B /* RestKitTests.octest */,
				0F99B31F163986330062597B /* RestKit.framework */,
				0F99B321163986330062597B /* RestKitFrameworkTests.octest */,
				0F99B323163986330062597B /* RestKitResources.bundle */,
			);
			name = Products;
			sourceTree = "<group>";
		};
		0F99B349163993C00062597B /* SSUI */ = {
			isa = PBXGroup;
			children = (
				0F8ECFE4163C265A00E757D9 /* ViewControllers */,
				0F99B34A163993D60062597B /* Views */,
			);
			name = SSUI;
			sourceTree = "<group>";
		};
		0F99B34A163993D60062597B /* Views */ = {
			isa = PBXGroup;
			children = (
				0FD541D6163D303F0092B559 /* SSLoadingView */,
				0F99B34B163993E40062597B /* SSMenuView */,
			);
			name = Views;
			sourceTree = "<group>";
		};
		0F99B34B163993E40062597B /* SSMenuView */ = {
			isa = PBXGroup;
			children = (
				0F8ECFED163C296100E757D9 /* SSMenuItemView.h */,
				0F8ECFEE163C296100E757D9 /* SSMenuItemView.m */,
				0F8ECFEF163C296100E757D9 /* SSMenuItemViewStyleImageAndText.xib */,
				0F8ECFF0163C296100E757D9 /* SSMenuView.h */,
				0F8ECFF1163C296100E757D9 /* SSMenuView.m */,
			);
			name = SSMenuView;
			sourceTree = "<group>";
		};
		0F9F2197163EB4D20051822D /* SSQUTranslate */ = {
			isa = PBXGroup;
			children = (
				0F9F2198163EB52B0051822D /* SSQUTranslateViewController.h */,
				0F9F2199163EB52B0051822D /* SSQUTranslateViewController.m */,
			);
			name = SSQUTranslate;
			sourceTree = "<group>";
		};
		0F9F21BA163EE1B10051822D /* SSQUMore */ = {
			isa = PBXGroup;
			children = (
				0F9F21BB163EE1DA0051822D /* SSQUMoreViewController.h */,
				0F9F21BC163EE1DA0051822D /* SSQUMoreViewController.m */,
				0F9F21BE163EE1FF0051822D /* SSQUMoreViewController.xib */,
			);
			name = SSQUMore;
			sourceTree = "<group>";
		};
		0FD541D6163D303F0092B559 /* SSLoadingView */ = {
			isa = PBXGroup;
			children = (
				0FD541DC163D30E00092B559 /* SSLoadingView.xib */,
				0FD541D7163D307C0092B559 /* SSLoadingView.h */,
				0FD541D8163D307C0092B559 /* SSLoadingView.m */,
			);
			name = SSLoadingView;
			sourceTree = "<group>";
		};
		9D8A03441643F226005BA9C5 /* button */ = {
			isa = PBXGroup;
			children = (
				9D8A03451643F226005BA9C5 /* gray_btn.png */,
				9D8A03461643F226005BA9C5 /* gray_btn_p.png */,
			);
			path = button;
			sourceTree = "<group>";
		};
		9DB985F916390E2500B46470 = {
			isa = PBXGroup;
			children = (
				9DF2530416435D6E00869CFE /* icon.png */,
				9DF2530516435D6E00869CFE /* Icon@2x.png */,
				9DF2530816435D9A00869CFE /* Default-568h@2x.png */,
				9DF2530916435D9A00869CFE /* Default.png */,
				9DF2530A16435D9A00869CFE /* Default@2x.png */,
				0F99B30F163986330062597B /* RestKit.xcodeproj */,
				9DB9860E16390E2600B46470 /* QueryUtilities */,
				9DB9860716390E2600B46470 /* Frameworks */,
				9DB9860516390E2600B46470 /* Products */,
			);
			sourceTree = "<group>";
		};
		9DB9860516390E2600B46470 /* Products */ = {
			isa = PBXGroup;
			children = (
				9DB9860416390E2600B46470 /* QueryUtilities.app */,
			);
			name = Products;
			sourceTree = "<group>";
		};
		9DB9860716390E2600B46470 /* Frameworks */ = {
			isa = PBXGroup;
			children = (
				0FCD0BC91640384F00847D3F /* MessageUI.framework */,
				0FA708F516397B91009824D5 /* libxml2.dylib */,
				0FA708F316397B85009824D5 /* QuartzCore.framework */,
				0FA708F116397B7D009824D5 /* SystemConfiguration.framework */,
				0FA708EF16397B76009824D5 /* Security.framework */,
				0FA708ED16397B6D009824D5 /* MobileCoreServices.framework */,
				0FA708EB16397B1D009824D5 /* CoreData.framework */,
				0FA708E916397B14009824D5 /* CFNetwork.framework */,
				9DB9860816390E2600B46470 /* UIKit.framework */,
				9DB9860A16390E2600B46470 /* Foundation.framework */,
				9DB9860C16390E2600B46470 /* CoreGraphics.framework */,
			);
			name = Frameworks;
			sourceTree = "<group>";
		};
		9DB9860E16390E2600B46470 /* QueryUtilities */ = {
			isa = PBXGroup;
			children = (
				0F981092164543BF008A6C04 /* SSQUSegmentedViewController */,
				9DF2530E16436E2C00869CFE /* Resources */,
				0F028F771641820100BCE4C1 /* SSQUFontChange */,
				0F9F21BA163EE1B10051822D /* SSQUMore */,
				0F9F2197163EB4D20051822D /* SSQUTranslate */,
				0F8ECFE8163C286E00E757D9 /* SSQULocale */,
				0F8ECFE7163C276800E757D9 /* SSQUExchangeRate */,
				0F8ECFE6163C272900E757D9 /* SSQUWeather */,
				0F99B349163993C00062597B /* SSUI */,
				9DB9861716390E2600B46470 /* SSQUAppDelegate.h */,
				9DB9861816390E2600B46470 /* SSQUAppDelegate.m */,
				9DB9861A16390E2600B46470 /* SSQUViewController.h */,
				9D8A02F5164394F1005BA9C5 /* SSQUViewController.m */,
				9DB9861D16390E2600B46470 /* SSQUViewController.xib */,
				9DB9860F16390E2600B46470 /* Supporting Files */,
			);
			path = QueryUtilities;
			sourceTree = "<group>";
		};
		9DB9860F16390E2600B46470 /* Supporting Files */ = {
			isa = PBXGroup;
			children = (
				0F8ED010163D113E00E757D9 /* ProvincesAndCities.plist */,
				9DB9861016390E2600B46470 /* QueryUtilities-Info.plist */,
				9DB9861116390E2600B46470 /* InfoPlist.strings */,
				9DB9861416390E2600B46470 /* main.m */,
				9DB9861616390E2600B46470 /* QueryUtilities-Prefix.pch */,
				0FD541DE163D40B40092B559 /* MoneyUnit.plist */,
			);
			name = "Supporting Files";
			sourceTree = "<group>";
		};
		9DF2530E16436E2C00869CFE /* Resources */ = {
			isa = PBXGroup;
			children = (
				9DF2530F16436E2C00869CFE /* Images */,
			);
			path = Resources;
			sourceTree = "<group>";
		};
		9DF2530F16436E2C00869CFE /* Images */ = {
			isa = PBXGroup;
			children = (
				9D8A03441643F226005BA9C5 /* button */,
				9DF253251643748B00869CFE /* backgrounds */,
				9DF2531016436E2C00869CFE /* icons */,
			);
			path = Images;
			sourceTree = "<group>";
		};
		9DF2531016436E2C00869CFE /* icons */ = {
			isa = PBXGroup;
			children = (
				9D8A0349164407A4005BA9C5 /* gray_mengban.png */,
				9D8A034A164407A4005BA9C5 /* gray_mengban@2x.png */,
				9D8A03011643A72B005BA9C5 /* en.png */,
				9D8A03021643A72B005BA9C5 /* en@2x.png */,
				9D8A03031643A72B005BA9C5 /* fan.png */,
				9D8A03041643A72B005BA9C5 /* fan@2x.png */,
				9D8A03051643A72B005BA9C5 /* han.png */,
				9D8A03061643A72B005BA9C5 /* han@2x.png */,
				9D8A03071643A72B005BA9C5 /* huilv.png */,
				9D8A03081643A72B005BA9C5 /* huilv@2x.png */,
				9D8A03091643A72B005BA9C5 /* id.png */,
				9D8A030A1643A72B005BA9C5 /* id@2x.png */,
				9D8A030B1643A72B005BA9C5 /* ip.png */,
				9D8A030C1643A72B005BA9C5 /* ip@2x.png */,
				9D8A030D1643A72B005BA9C5 /* jian.png */,
				9D8A030E1643A72B005BA9C5 /* jian@2x.png */,
				9D8A030F1643A72B005BA9C5 /* more.png */,
				9D8A03101643A72B005BA9C5 /* more@2x.png */,
				9D8A03111643A72B005BA9C5 /* phone.png */,
				9D8A03121643A72B005BA9C5 /* phone@2x.png */,
				9D8A03131643A72B005BA9C5 /* tianqi.png */,
				9D8A03141643A72B005BA9C5 /* tianqi@2x.png */,
				9D8A03151643A72B005BA9C5 /* you.png */,
				9D8A03161643A72B005BA9C5 /* you@2x.png */,
			);
			path = icons;
			sourceTree = "<group>";
		};
		9DF253251643748B00869CFE /* backgrounds */ = {
			isa = PBXGroup;
			children = (
				9D8A034D16453E7B005BA9C5 /* c_first_bg@2x.png */,
				9D8A03421643E4FC005BA9C5 /* c_first_bg.png */,
				9D8A032F1643B38F005BA9C5 /* upwards.png */,
				9D8A032D1643A7C0005BA9C5 /* default_bg.png */,
				9DF253261643748B00869CFE /* gray_bg.png */,
			);
			path = backgrounds;
			sourceTree = "<group>";
		};
/* End PBXGroup section */

/* Begin PBXNativeTarget section */
		9DB9860316390E2600B46470 /* QueryUtilities */ = {
			isa = PBXNativeTarget;
			buildConfigurationList = 9DB9862216390E2600B46470 /* Build configuration list for PBXNativeTarget "QueryUtilities" */;
			buildPhases = (
				9DB9860016390E2600B46470 /* Sources */,
				9DB9860116390E2600B46470 /* Frameworks */,
				9DB9860216390E2600B46470 /* Resources */,
			);
			buildRules = (
			);
			dependencies = (
				0F99B325163986480062597B /* PBXTargetDependency */,
			);
			name = QueryUtilities;
			productName = QueryUtilities;
			productReference = 9DB9860416390E2600B46470 /* QueryUtilities.app */;
			productType = "com.apple.product-type.application";
		};
/* End PBXNativeTarget section */

/* Begin PBXProject section */
		9DB985FB16390E2600B46470 /* Project object */ = {
			isa = PBXProject;
			attributes = {
				CLASSPREFIX = SSQU;
				LastUpgradeCheck = 0430;
			};
			buildConfigurationList = 9DB985FE16390E2600B46470 /* Build configuration list for PBXProject "QueryUtilities" */;
			compatibilityVersion = "Xcode 3.2";
			developmentRegion = English;
			hasScannedForEncodings = 0;
			knownRegions = (
				en,
			);
			mainGroup = 9DB985F916390E2500B46470;
			productRefGroup = 9DB9860516390E2600B46470 /* Products */;
			projectDirPath = "";
			projectReferences = (
				{
					ProductGroup = 0F99B310163986330062597B /* Products */;
					ProjectRef = 0F99B30F163986330062597B /* RestKit.xcodeproj */;
				},
			);
			projectRoot = "";
			targets = (
				9DB9860316390E2600B46470 /* QueryUtilities */,
			);
		};
/* End PBXProject section */

/* Begin PBXReferenceProxy section */
		0F99B31B163986330062597B /* libRestKit.a */ = {
			isa = PBXReferenceProxy;
			fileType = archive.ar;
			path = libRestKit.a;
			remoteRef = 0F99B31A163986330062597B /* PBXContainerItemProxy */;
			sourceTree = BUILT_PRODUCTS_DIR;
		};
		0F99B31D163986330062597B /* RestKitTests.octest */ = {
			isa = PBXReferenceProxy;
			fileType = wrapper.cfbundle;
			path = RestKitTests.octest;
			remoteRef = 0F99B31C163986330062597B /* PBXContainerItemProxy */;
			sourceTree = BUILT_PRODUCTS_DIR;
		};
		0F99B31F163986330062597B /* RestKit.framework */ = {
			isa = PBXReferenceProxy;
			fileType = wrapper.framework;
			path = RestKit.framework;
			remoteRef = 0F99B31E163986330062597B /* PBXContainerItemProxy */;
			sourceTree = BUILT_PRODUCTS_DIR;
		};
		0F99B321163986330062597B /* RestKitFrameworkTests.octest */ = {
			isa = PBXReferenceProxy;
			fileType = wrapper.cfbundle;
			path = RestKitFrameworkTests.octest;
			remoteRef = 0F99B320163986330062597B /* PBXContainerItemProxy */;
			sourceTree = BUILT_PRODUCTS_DIR;
		};
		0F99B323163986330062597B /* RestKitResources.bundle */ = {
			isa = PBXReferenceProxy;
			fileType = wrapper.cfbundle;
			path = RestKitResources.bundle;
			remoteRef = 0F99B322163986330062597B /* PBXContainerItemProxy */;
			sourceTree = BUILT_PRODUCTS_DIR;
		};
/* End PBXReferenceProxy section */

/* Begin PBXResourcesBuildPhase section */
		9DB9860216390E2600B46470 /* Resources */ = {
			isa = PBXResourcesBuildPhase;
			buildActionMask = 2147483647;
			files = (
				9DB9861316390E2600B46470 /* InfoPlist.strings in Resources */,
				9DB9861F16390E2600B46470 /* SSQUViewController.xib in Resources */,
				0F8ECFF3163C296100E757D9 /* SSMenuItemViewStyleImageAndText.xib in Resources */,
				0F8ED012163D113F00E757D9 /* ProvincesAndCities.plist in Resources */,
				0F8ED017163D227B00E757D9 /* SSQUWeatherViewController.xib in Resources */,
				0FD541D5163D2D2D0092B559 /* SSQUExchangeRateViewController.xib in Resources */,
				0FD541DD163D30E00092B559 /* SSLoadingView.xib in Resources */,
				0FD541E0163D40B40092B559 /* MoneyUnit.plist in Resources */,
				0F9F21BF163EE1FF0051822D /* SSQUMoreViewController.xib in Resources */,
				9DF2530616435D6E00869CFE /* icon.png in Resources */,
				9DF2530716435D6E00869CFE /* Icon@2x.png in Resources */,
				9DF2530B16435D9A00869CFE /* Default-568h@2x.png in Resources */,
				9DF2530C16435D9A00869CFE /* Default.png in Resources */,
				9DF2530D16435D9A00869CFE /* Default@2x.png in Resources */,
				9DF253271643748B00869CFE /* gray_bg.png in Resources */,
				9D8A03171643A72B005BA9C5 /* en.png in Resources */,
				9D8A03181643A72B005BA9C5 /* en@2x.png in Resources */,
				9D8A03191643A72B005BA9C5 /* fan.png in Resources */,
				9D8A031A1643A72B005BA9C5 /* fan@2x.png in Resources */,
				9D8A031B1643A72B005BA9C5 /* han.png in Resources */,
				9D8A031C1643A72B005BA9C5 /* han@2x.png in Resources */,
				9D8A031D1643A72B005BA9C5 /* huilv.png in Resources */,
				9D8A031E1643A72B005BA9C5 /* huilv@2x.png in Resources */,
				9D8A031F1643A72B005BA9C5 /* id.png in Resources */,
				9D8A03201643A72B005BA9C5 /* id@2x.png in Resources */,
				9D8A03211643A72B005BA9C5 /* ip.png in Resources */,
				9D8A03221643A72B005BA9C5 /* ip@2x.png in Resources */,
				9D8A03231643A72B005BA9C5 /* jian.png in Resources */,
				9D8A03241643A72B005BA9C5 /* jian@2x.png in Resources */,
				9D8A03251643A72B005BA9C5 /* more.png in Resources */,
				9D8A03261643A72B005BA9C5 /* more@2x.png in Resources */,
				9D8A03271643A72B005BA9C5 /* phone.png in Resources */,
				9D8A03281643A72B005BA9C5 /* phone@2x.png in Resources */,
				9D8A03291643A72B005BA9C5 /* tianqi.png in Resources */,
				9D8A032A1643A72B005BA9C5 /* tianqi@2x.png in Resources */,
				9D8A032B1643A72B005BA9C5 /* you.png in Resources */,
				9D8A032C1643A72B005BA9C5 /* you@2x.png in Resources */,
				9D8A032E1643A7C0005BA9C5 /* default_bg.png in Resources */,
				9D8A03301643B38F005BA9C5 /* upwards.png in Resources */,
				9D8A03431643E4FC005BA9C5 /* c_first_bg.png in Resources */,
				9D8A03471643F226005BA9C5 /* gray_btn.png in Resources */,
				9D8A03481643F226005BA9C5 /* gray_btn_p.png in Resources */,
				9D8A034B164407A4005BA9C5 /* gray_mengban.png in Resources */,
				9D8A034C164407A4005BA9C5 /* gray_mengban@2x.png in Resources */,
				9D8A034E16453E7B005BA9C5 /* c_first_bg@2x.png in Resources */,
				0F98109716454439008A6C04 /* SSQUSegmentedViewController.xib in Resources */,
			);
			runOnlyForDeploymentPostprocessing = 0;
		};
/* End PBXResourcesBuildPhase section */

/* Begin PBXSourcesBuildPhase section */
		9DB9860016390E2600B46470 /* Sources */ = {
			isa = PBXSourcesBuildPhase;
			buildActionMask = 2147483647;
			files = (
				9DB9861516390E2600B46470 /* main.m in Sources */,
				9DB9861916390E2600B46470 /* SSQUAppDelegate.m in Sources */,
				0F8ECFEC163C290200E757D9 /* SSQUWeatherViewController.m in Sources */,
				0F8ECFF2163C296100E757D9 /* SSMenuItemView.m in Sources */,
				0F8ECFF4163C296100E757D9 /* SSMenuView.m in Sources */,
				0F8ED015163D131500E757D9 /* SSQULocation.m in Sources */,
				0FD541D3163D2CF90092B559 /* SSQUExchangeRateViewController.m in Sources */,
				0FD541D9163D307C0092B559 /* SSLoadingView.m in Sources */,
				0F9F2196163EB1F60051822D /* SSViewController.m in Sources */,
				0F9F219A163EB52B0051822D /* SSQUTranslateViewController.m in Sources */,
				0F9F21BD163EE1DA0051822D /* SSQUMoreViewController.m in Sources */,
				0F028F7B16418F4C00BCE4C1 /* SSQUFontChangeViewController.m in Sources */,
				0F028F80164195DD00BCE4C1 /* SSQULocaleViewController.m in Sources */,
				9D8A02F6164394F1005BA9C5 /* SSQUViewController.m in Sources */,
				0F98109616454439008A6C04 /* SSQUSegmentedViewController.m in Sources */,
			);
			runOnlyForDeploymentPostprocessing = 0;
		};
/* End PBXSourcesBuildPhase section */

/* Begin PBXTargetDependency section */
		0F99B325163986480062597B /* PBXTargetDependency */ = {
			isa = PBXTargetDependency;
			name = RestKit;
			targetProxy = 0F99B324163986480062597B /* PBXContainerItemProxy */;
		};
/* End PBXTargetDependency section */

/* Begin PBXVariantGroup section */
		0F8ED010163D113E00E757D9 /* ProvincesAndCities.plist */ = {
			isa = PBXVariantGroup;
			children = (
				0F8ED011163D113F00E757D9 /* en */,
			);
			name = ProvincesAndCities.plist;
			sourceTree = "<group>";
		};
		0FD541DE163D40B40092B559 /* MoneyUnit.plist */ = {
			isa = PBXVariantGroup;
			children = (
				0FD541DF163D40B40092B559 /* en */,
			);
			name = MoneyUnit.plist;
			sourceTree = "<group>";
		};
		9DB9861116390E2600B46470 /* InfoPlist.strings */ = {
			isa = PBXVariantGroup;
			children = (
				9DB9861216390E2600B46470 /* en */,
			);
			name = InfoPlist.strings;
			sourceTree = "<group>";
		};
		9DB9861D16390E2600B46470 /* SSQUViewController.xib */ = {
			isa = PBXVariantGroup;
			children = (
				9DB9861E16390E2600B46470 /* en */,
			);
			name = SSQUViewController.xib;
			sourceTree = "<group>";
		};
/* End PBXVariantGroup section */

/* Begin XCBuildConfiguration section */
		9DB9862016390E2600B46470 /* Debug */ = {
			isa = XCBuildConfiguration;
			buildSettings = {
				ALWAYS_SEARCH_USER_PATHS = NO;
				ARCHS = "$(ARCHS_STANDARD_32_BIT)";
				"CODE_SIGN_IDENTITY[sdk=iphoneos*]" = "iPhone Developer";
				COPY_PHASE_STRIP = NO;
				GCC_C_LANGUAGE_STANDARD = gnu99;
				GCC_DYNAMIC_NO_PIC = NO;
				GCC_OPTIMIZATION_LEVEL = 0;
				GCC_PREPROCESSOR_DEFINITIONS = (
					"DEBUG=1",
					"$(inherited)",
				);
				GCC_SYMBOLS_PRIVATE_EXTERN = NO;
				GCC_VERSION = com.apple.compilers.llvm.clang.1_0;
				GCC_WARN_ABOUT_RETURN_TYPE = YES;
				GCC_WARN_UNINITIALIZED_AUTOS = YES;
				GCC_WARN_UNUSED_VARIABLE = YES;
				IPHONEOS_DEPLOYMENT_TARGET = 5.1;
				SDKROOT = iphoneos;
			};
			name = Debug;
		};
		9DB9862116390E2600B46470 /* Release */ = {
			isa = XCBuildConfiguration;
			buildSettings = {
				ALWAYS_SEARCH_USER_PATHS = NO;
				ARCHS = "$(ARCHS_STANDARD_32_BIT)";
				"CODE_SIGN_IDENTITY[sdk=iphoneos*]" = "iPhone Developer";
				COPY_PHASE_STRIP = YES;
				GCC_C_LANGUAGE_STANDARD = gnu99;
				GCC_VERSION = com.apple.compilers.llvm.clang.1_0;
				GCC_WARN_ABOUT_RETURN_TYPE = YES;
				GCC_WARN_UNINITIALIZED_AUTOS = YES;
				GCC_WARN_UNUSED_VARIABLE = YES;
				IPHONEOS_DEPLOYMENT_TARGET = 5.1;
				OTHER_CFLAGS = "-DNS_BLOCK_ASSERTIONS=1";
				SDKROOT = iphoneos;
				VALIDATE_PRODUCT = YES;
			};
			name = Release;
		};
		9DB9862316390E2600B46470 /* Debug */ = {
			isa = XCBuildConfiguration;
			buildSettings = {
				CODE_SIGN_IDENTITY = "iPhone Developer: jia liu (3LHKC7F952)";
				FRAMEWORK_SEARCH_PATHS = (
					"$(inherited)",
					"\"$(SRCROOT)/RestKit/Tests/Vendor/OCHamcrest\"",
				);
				GCC_PRECOMPILE_PREFIX_HEADER = YES;
				GCC_PREFIX_HEADER = "QueryUtilities/QueryUtilities-Prefix.pch";
				HEADER_SEARCH_PATHS = "$(SOURCE_ROOT)/RestKit/Build";
				INFOPLIST_FILE = "QueryUtilities/QueryUtilities-Info.plist";
				IPHONEOS_DEPLOYMENT_TARGET = 4.3;
				LIBRARY_SEARCH_PATHS = "$(SOURCE_ROOT)/RestKit/Build/$(BUILD_STYLE)-$(PLATFORM_NAME)";
				OTHER_LDFLAGS = "-ObjC";
				PRODUCT_NAME = "$(TARGET_NAME)";
				PROVISIONING_PROFILE = "972A2771-A316-4FCA-B85D-D952CF6BD74A";
				VALID_ARCHS = armv7;
				WRAPPER_EXTENSION = app;
			};
			name = Debug;
		};
		9DB9862416390E2600B46470 /* Release */ = {
			isa = XCBuildConfiguration;
			buildSettings = {
				CODE_SIGN_IDENTITY = "iPhone Developer: jia liu (3LHKC7F952)";
				FRAMEWORK_SEARCH_PATHS = (
					"$(inherited)",
					"\"$(SRCROOT)/RestKit/Tests/Vendor/OCHamcrest\"",
				);
				GCC_PRECOMPILE_PREFIX_HEADER = YES;
				GCC_PREFIX_HEADER = "QueryUtilities/QueryUtilities-Prefix.pch";
				HEADER_SEARCH_PATHS = "$(SOURCE_ROOT)/RestKit/Build";
				INFOPLIST_FILE = "QueryUtilities/QueryUtilities-Info.plist";
				IPHONEOS_DEPLOYMENT_TARGET = 4.3;
				LIBRARY_SEARCH_PATHS = "$(SOURCE_ROOT)/RestKit/Build/$(BUILD_STYLE)-$(PLATFORM_NAME)";
				OTHER_LDFLAGS = "-ObjC";
				PRODUCT_NAME = "$(TARGET_NAME)";
				PROVISIONING_PROFILE = "972A2771-A316-4FCA-B85D-D952CF6BD74A";
				VALID_ARCHS = armv7;
				WRAPPER_EXTENSION = app;
			};
			name = Release;
		};
/* End XCBuildConfiguration section */

/* Begin XCConfigurationList section */
		9DB985FE16390E2600B46470 /* Build configuration list for PBXProject "QueryUtilities" */ = {
			isa = XCConfigurationList;
			buildConfigurations = (
				9DB9862016390E2600B46470 /* Debug */,
				9DB9862116390E2600B46470 /* Release */,
			);
			defaultConfigurationIsVisible = 0;
			defaultConfigurationName = Release;
		};
		9DB9862216390E2600B46470 /* Build configuration list for PBXNativeTarget "QueryUtilities" */ = {
			isa = XCConfigurationList;
			buildConfigurations = (
				9DB9862316390E2600B46470 /* Debug */,
				9DB9862416390E2600B46470 /* Release */,
			);
			defaultConfigurationIsVisible = 0;
			defaultConfigurationName = Release;
		};
/* End XCConfigurationList section */
	};
	rootObject = 9DB985FB16390E2600B46470 /* Project object */;
}
